
Microsoft Visual Studio Solution File, Format Version 12.00
# Visual Studio Version 17
VisualStudioVersion = 17.14.36414.22
MinimumVisualStudioVersion = 10.0.40219.1
Project("{FAE04EC0-301F-11D3-BF4B-00C04F79EFBC}") = "BookStore.API", "BookStore.API\BookStore.API.csproj", "{B0FC21C5-6B20-4228-9920-F56887D47509}"
EndProject
Global
	GlobalSection(SolutionConfigurationPlatforms) = preSolution
		Debug|Any CPU = Debug|Any CPU
		Release|Any CPU = Release|Any CPU
	EndGlobalSection
	GlobalSection(ProjectConfigurationPlatforms) = postSolution
		{B0FC21C5-6B20-4228-9920-F56887D47509}.Debug|Any CPU.ActiveCfg = Debug|Any CPU
		{B0FC21C5-6B20-4228-9920-F56887D47509}.Debug|Any CPU.Build.0 = Debug|Any CPU
		{B0FC21C5-6B20-4228-9920-F56887D47509}.Release|Any CPU.ActiveCfg = Release|Any CPU
		{B0FC21C5-6B20-4228-9920-F56887D47509}.Release|Any CPU.Build.0 = Release|Any CPU
	EndGlobalSection
	GlobalSection(SolutionProperties) = preSolution
		HideSolutionNode = FALSE
	EndGlobalSection
	GlobalSection(ExtensibilityGlobals) = postSolution
		SolutionGuid = {27EDD747-98D0-44C3-81BE-A2BC1F03E6A1}
	EndGlobalSection
EndGlobal
